
Microsoft Visual Studio Solution File, Format Version 12.00
# Visual Studio 14
VisualStudioVersion = 14.0.23107.0
MinimumVisualStudioVersion = 10.0.40219.1
Project("{FAE04EC0-301F-11D3-BF4B-00C04F79EFBC}") = "AgendaDeContatos", "AgendaDeContatos\AgendaDeContatos.csproj", "{5BB40D1C-AFFD-4E52-8E30-8DD96838E152}"
EndProject
Project("{FAE04EC0-301F-11D3-BF4B-00C04F79EFBC}") = "AgendaDeContatos.Tests", "AgendaDeContatos.Tests\AgendaDeContatos.Tests.csproj", "{9A753B0F-52FF-4CDA-8C33-52204BBCD34A}"
EndProject
Project("{2150E333-8FDC-42A3-9474-1A3956D46DE8}") = "Presention", "Presention", "{E34E2AF7-4A00-4EB6-8055-FCD2877B981B}"
EndProject
Project("{2150E333-8FDC-42A3-9474-1A3956D46DE8}") = "Testes", "Testes", "{44EE37F0-A823-4C79-9320-303A769307DC}"
EndProject
Project("{2150E333-8FDC-42A3-9474-1A3956D46DE8}") = "Core", "Core", "{B9CED90C-BA65-4149-A420-201A03067285}"
EndProject
Project("{2150E333-8FDC-42A3-9474-1A3956D46DE8}") = "Infra", "Infra", "{3F33A77C-946E-45C2-A32D-3C223FBEE64E}"
EndProject
Project("{FAE04EC0-301F-11D3-BF4B-00C04F79EFBC}") = "AgendaDeContatos.Core", "AgendaDeContatos.Core\AgendaDeContatos.Core.csproj", "{15B480A9-74D3-4E4D-8B25-FB4F48F869E9}"
EndProject
Project("{FAE04EC0-301F-11D3-BF4B-00C04F79EFBC}") = "AgendaDeContatos.Infra", "AgendaDeContatos.Infra\AgendaDeContatos.Infra.csproj", "{644F25E5-043B-4529-842D-7DF897D51C2B}"
EndProject
Project("{FAE04EC0-301F-11D3-BF4B-00C04F79EFBC}") = "AgendaDeContatosCore.Testes", "AgendaDeContatosCore.Testes\AgendaDeContatosCore.Testes.csproj", "{54FAE2D5-058E-4325-B039-3336697CE5C0}"
EndProject
Global
	GlobalSection(SolutionConfigurationPlatforms) = preSolution
		Debug|Any CPU = Debug|Any CPU
		Release|Any CPU = Release|Any CPU
	EndGlobalSection
	GlobalSection(ProjectConfigurationPlatforms) = postSolution
		{5BB40D1C-AFFD-4E52-8E30-8DD96838E152}.Debug|Any CPU.ActiveCfg = Debug|Any CPU
		{5BB40D1C-AFFD-4E52-8E30-8DD96838E152}.Debug|Any CPU.Build.0 = Debug|Any CPU
		{5BB40D1C-AFFD-4E52-8E30-8DD96838E152}.Release|Any CPU.ActiveCfg = Release|Any CPU
		{5BB40D1C-AFFD-4E52-8E30-8DD96838E152}.Release|Any CPU.Build.0 = Release|Any CPU
		{9A753B0F-52FF-4CDA-8C33-52204BBCD34A}.Debug|Any CPU.ActiveCfg = Debug|Any CPU
		{9A753B0F-52FF-4CDA-8C33-52204BBCD34A}.Debug|Any CPU.Build.0 = Debug|Any CPU
		{9A753B0F-52FF-4CDA-8C33-52204BBCD34A}.Release|Any CPU.ActiveCfg = Release|Any CPU
		{9A753B0F-52FF-4CDA-8C33-52204BBCD34A}.Release|Any CPU.Build.0 = Release|Any CPU
		{15B480A9-74D3-4E4D-8B25-FB4F48F869E9}.Debug|Any CPU.ActiveCfg = Debug|Any CPU
		{15B480A9-74D3-4E4D-8B25-FB4F48F869E9}.Debug|Any CPU.Build.0 = Debug|Any CPU
		{15B480A9-74D3-4E4D-8B25-FB4F48F869E9}.Release|Any CPU.ActiveCfg = Release|Any CPU
		{15B480A9-74D3-4E4D-8B25-FB4F48F869E9}.Release|Any CPU.Build.0 = Release|Any CPU
		{644F25E5-043B-4529-842D-7DF897D51C2B}.Debug|Any CPU.ActiveCfg = Debug|Any CPU
		{644F25E5-043B-4529-842D-7DF897D51C2B}.Debug|Any CPU.Build.0 = Debug|Any CPU
		{644F25E5-043B-4529-842D-7DF897D51C2B}.Release|Any CPU.ActiveCfg = Release|Any CPU
		{644F25E5-043B-4529-842D-7DF897D51C2B}.Release|Any CPU.Build.0 = Release|Any CPU
		{54FAE2D5-058E-4325-B039-3336697CE5C0}.Debug|Any CPU.ActiveCfg = Debug|Any CPU
		{54FAE2D5-058E-4325-B039-3336697CE5C0}.Debug|Any CPU.Build.0 = Debug|Any CPU
		{54FAE2D5-058E-4325-B039-3336697CE5C0}.Release|Any CPU.ActiveCfg = Release|Any CPU
		{54FAE2D5-058E-4325-B039-3336697CE5C0}.Release|Any CPU.Build.0 = Release|Any CPU
	EndGlobalSection
	GlobalSection(SolutionProperties) = preSolution
		HideSolutionNode = FALSE
	EndGlobalSection
	GlobalSection(NestedProjects) = preSolution
		{5BB40D1C-AFFD-4E52-8E30-8DD96838E152} = {E34E2AF7-4A00-4EB6-8055-FCD2877B981B}
		{9A753B0F-52FF-4CDA-8C33-52204BBCD34A} = {44EE37F0-A823-4C79-9320-303A769307DC}
		{15B480A9-74D3-4E4D-8B25-FB4F48F869E9} = {B9CED90C-BA65-4149-A420-201A03067285}
		{644F25E5-043B-4529-842D-7DF897D51C2B} = {3F33A77C-946E-45C2-A32D-3C223FBEE64E}
		{54FAE2D5-058E-4325-B039-3336697CE5C0} = {44EE37F0-A823-4C79-9320-303A769307DC}
	EndGlobalSection
EndGlobal
